
Microsoft Visual Studio Solution File, Format Version 12.00
# Visual Studio 2013
VisualStudioVersion = 12.0.31101.0
MinimumVisualStudioVersion = 10.0.40219.1
Project("{8BC9CEB8-8B4A-11D0-8D11-00A0C91BC942}") = "ModelingObjects", "ModelingObjects.vcxproj", "{6B01D569-3D6B-47FC-9512-083E96F5B5FD}"
EndProject
Project("{8BC9CEB8-8B4A-11D0-8D11-00A0C91BC942}") = "scml2", "scml2.vcxproj", "{CAEE957D-FF52-425C-886D-478DB00A97ED}"
EndProject
Project("{8BC9CEB8-8B4A-11D0-8D11-00A0C91BC942}") = "scml2_logging", "scml2_logging.vcxproj", "{9A8B8F23-8618-4A17-93AE-AA56D92AD482}"
EndProject
Project("{8BC9CEB8-8B4A-11D0-8D11-00A0C91BC942}") = "scml_clock", "scml_clock.vcxproj", "{F936E5EF-3DBF-4508-A857-D5D137FA34BB}"
EndProject
Project("{8BC9CEB8-8B4A-11D0-8D11-00A0C91BC942}") = "scml2_base", "scml2_base.vcxproj", "{84727E1C-B4A7-4E79-AD8D-3CE3BE772423}"
EndProject
Project("{8BC9CEB8-8B4A-11D0-8D11-00A0C91BC942}") = "scmllib", "scml.vcxproj", "{B07938C0-B85C-4964-8525-2EE45469F5D4}"
	ProjectSection(ProjectDependencies) = postProject
		{84727E1C-B4A7-4E79-AD8D-3CE3BE772423} = {84727E1C-B4A7-4E79-AD8D-3CE3BE772423}
		{9A8B8F23-8618-4A17-93AE-AA56D92AD482} = {9A8B8F23-8618-4A17-93AE-AA56D92AD482}
		{6B01D569-3D6B-47FC-9512-083E96F5B5FD} = {6B01D569-3D6B-47FC-9512-083E96F5B5FD}
		{CAEE957D-FF52-425C-886D-478DB00A97ED} = {CAEE957D-FF52-425C-886D-478DB00A97ED}
		{F936E5EF-3DBF-4508-A857-D5D137FA34BB} = {F936E5EF-3DBF-4508-A857-D5D137FA34BB}
	EndProjectSection
EndProject
Global
	GlobalSection(SolutionConfigurationPlatforms) = preSolution
		Debug|x64 = Debug|x64
		Debug|Win32 = Debug|Win32
		Release|x64 = Release|x64
		Release|Win32 = Release|Win32
	EndGlobalSection
	GlobalSection(ProjectConfigurationPlatforms) = postSolution
		{6B01D569-3D6B-47FC-9512-083E96F5B5FD}.Debug|Win32.ActiveCfg = Debug|Win32
		{6B01D569-3D6B-47FC-9512-083E96F5B5FD}.Debug|Win32.Build.0 = Debug|Win32
		{6B01D569-3D6B-47FC-9512-083E96F5B5FD}.Debug|x64.ActiveCfg = Debug|x64
		{6B01D569-3D6B-47FC-9512-083E96F5B5FD}.Debug|x64.Build.0 = Debug|x64
		{6B01D569-3D6B-47FC-9512-083E96F5B5FD}.Release|Win32.ActiveCfg = Release|Win32
		{6B01D569-3D6B-47FC-9512-083E96F5B5FD}.Release|Win32.Build.0 = Release|Win32
		{6B01D569-3D6B-47FC-9512-083E96F5B5FD}.Release|x64.ActiveCfg = Release|x64
		{6B01D569-3D6B-47FC-9512-083E96F5B5FD}.Release|x64.Build.0 = Release|x64
		{CAEE957D-FF52-425C-886D-478DB00A97ED}.Debug|Win32.ActiveCfg = Debug|Win32
		{CAEE957D-FF52-425C-886D-478DB00A97ED}.Debug|Win32.Build.0 = Debug|Win32
		{CAEE957D-FF52-425C-886D-478DB00A97ED}.Debug|x64.ActiveCfg = Debug|x64
		{CAEE957D-FF52-425C-886D-478DB00A97ED}.Debug|x64.Build.0 = Debug|x64
		{CAEE957D-FF52-425C-886D-478DB00A97ED}.Release|Win32.ActiveCfg = Release|Win32
		{CAEE957D-FF52-425C-886D-478DB00A97ED}.Release|Win32.Build.0 = Release|Win32
		{CAEE957D-FF52-425C-886D-478DB00A97ED}.Release|x64.ActiveCfg = Release|x64
		{CAEE957D-FF52-425C-886D-478DB00A97ED}.Release|x64.Build.0 = Release|x64
		{9A8B8F23-8618-4A17-93AE-AA56D92AD482}.Debug|Win32.ActiveCfg = Debug|Win32
		{9A8B8F23-8618-4A17-93AE-AA56D92AD482}.Debug|Win32.Build.0 = Debug|Win32
		{9A8B8F23-8618-4A17-93AE-AA56D92AD482}.Debug|x64.ActiveCfg = Debug|x64
		{9A8B8F23-8618-4A17-93AE-AA56D92AD482}.Debug|x64.Build.0 = Debug|x64
		{9A8B8F23-8618-4A17-93AE-AA56D92AD482}.Release|Win32.ActiveCfg = Release|Win32
		{9A8B8F23-8618-4A17-93AE-AA56D92AD482}.Release|Win32.Build.0 = Release|Win32
		{9A8B8F23-8618-4A17-93AE-AA56D92AD482}.Release|x64.ActiveCfg = Release|x64
		{9A8B8F23-8618-4A17-93AE-AA56D92AD482}.Release|x64.Build.0 = Release|x64
		{F936E5EF-3DBF-4508-A857-D5D137FA34BB}.Debug|Win32.ActiveCfg = Debug|Win32
		{F936E5EF-3DBF-4508-A857-D5D137FA34BB}.Debug|Win32.Build.0 = Debug|Win32
		{F936E5EF-3DBF-4508-A857-D5D137FA34BB}.Debug|x64.ActiveCfg = Debug|x64
		{F936E5EF-3DBF-4508-A857-D5D137FA34BB}.Debug|x64.Build.0 = Debug|x64
		{F936E5EF-3DBF-4508-A857-D5D137FA34BB}.Release|Win32.ActiveCfg = Release|Win32
		{F936E5EF-3DBF-4508-A857-D5D137FA34BB}.Release|Win32.Build.0 = Release|Win32
		{F936E5EF-3DBF-4508-A857-D5D137FA34BB}.Release|x64.ActiveCfg = Release|x64
		{F936E5EF-3DBF-4508-A857-D5D137FA34BB}.Release|x64.Build.0 = Release|x64
		{84727E1C-B4A7-4E79-AD8D-3CE3BE772423}.Debug|Win32.ActiveCfg = Debug|Win32
		{84727E1C-B4A7-4E79-AD8D-3CE3BE772423}.Debug|Win32.Build.0 = Debug|Win32
		{84727E1C-B4A7-4E79-AD8D-3CE3BE772423}.Debug|x64.ActiveCfg = Debug|x64
		{84727E1C-B4A7-4E79-AD8D-3CE3BE772423}.Debug|x64.Build.0 = Debug|x64
		{84727E1C-B4A7-4E79-AD8D-3CE3BE772423}.Release|Win32.ActiveCfg = Release|Win32
		{84727E1C-B4A7-4E79-AD8D-3CE3BE772423}.Release|Win32.Build.0 = Release|Win32
		{84727E1C-B4A7-4E79-AD8D-3CE3BE772423}.Release|x64.ActiveCfg = Release|x64
		{84727E1C-B4A7-4E79-AD8D-3CE3BE772423}.Release|x64.Build.0 = Release|x64
		{B07938C0-B85C-4964-8525-2EE45469F5D4}.Debug|Win32.ActiveCfg = Debug|Win32
		{B07938C0-B85C-4964-8525-2EE45469F5D4}.Debug|Win32.Build.0 = Debug|Win32
		{B07938C0-B85C-4964-8525-2EE45469F5D4}.Debug|x64.ActiveCfg = Debug|x64
		{B07938C0-B85C-4964-8525-2EE45469F5D4}.Debug|x64.Build.0 = Debug|x64
		{B07938C0-B85C-4964-8525-2EE45469F5D4}.Release|Win32.ActiveCfg = Release|Win32
		{B07938C0-B85C-4964-8525-2EE45469F5D4}.Release|Win32.Build.0 = Release|Win32
		{B07938C0-B85C-4964-8525-2EE45469F5D4}.Release|x64.ActiveCfg = Release|x64
		{B07938C0-B85C-4964-8525-2EE45469F5D4}.Release|x64.Build.0 = Release|x64
	EndGlobalSection
	GlobalSection(SolutionProperties) = preSolution
		HideSolutionNode = FALSE
	EndGlobalSection
EndGlobal
